
Microsoft Visual Studio Solution File, Format Version 12.00
# Visual Studio Version 16
VisualStudioVersion = 16.0.31702.278
MinimumVisualStudioVersion = 10.0.40219.1
Project("{FAE04EC0-301F-11D3-BF4B-00C04F79EFBC}") = "API_Google_Key_Words", "API_Google_Key_Words\API_Google_Key_Words.csproj", "{F1176B55-F9DB-42C7-92DA-AE99FF921323}"
EndProject
Global
	GlobalSection(SolutionConfigurationPlatforms) = preSolution
		Debug|Any CPU = Debug|Any CPU
		Release|Any CPU = Release|Any CPU
	EndGlobalSection
	GlobalSection(ProjectConfigurationPlatforms) = postSolution
		{F1176B55-F9DB-42C7-92DA-AE99FF921323}.Debug|Any CPU.ActiveCfg = Debug|Any CPU
		{F1176B55-F9DB-42C7-92DA-AE99FF921323}.Debug|Any CPU.Build.0 = Debug|Any CPU
		{F1176B55-F9DB-42C7-92DA-AE99FF921323}.Release|Any CPU.ActiveCfg = Release|Any CPU
		{F1176B55-F9DB-42C7-92DA-AE99FF921323}.Release|Any CPU.Build.0 = Release|Any CPU
	EndGlobalSection
	GlobalSection(SolutionProperties) = preSolution
		HideSolutionNode = FALSE
	EndGlobalSection
	GlobalSection(ExtensibilityGlobals) = postSolution
		SolutionGuid = {44939188-C746-48C7-81A9-BE423679A19C}
	EndGlobalSection
EndGlobal
